
Microsoft Visual Studio Solution File, Format Version 12.00
# Visual Studio 15
VisualStudioVersion = 15.0.28307.421
MinimumVisualStudioVersion = 10.0.40219.1
Project("{F2A71F9B-5D33-465A-A702-920D77279786}") = "Test", "Test\Test.fsproj", "{5923652C-DF79-468C-A085-C218FB75CA6D}"
EndProject
Project("{F2A71F9B-5D33-465A-A702-920D77279786}") = "Test.Tests", "Test.Tests\Test.Tests.fsproj", "{1109D07C-2867-48A7-837F-CF650895584D}"
EndProject
Global
	GlobalSection(SolutionConfigurationPlatforms) = preSolution
		Debug|Any CPU = Debug|Any CPU
		Release|Any CPU = Release|Any CPU
	EndGlobalSection
	GlobalSection(ProjectConfigurationPlatforms) = postSolution
		{5923652C-DF79-468C-A085-C218FB75CA6D}.Debug|Any CPU.ActiveCfg = Debug|Any CPU
		{5923652C-DF79-468C-A085-C218FB75CA6D}.Debug|Any CPU.Build.0 = Debug|Any CPU
		{5923652C-DF79-468C-A085-C218FB75CA6D}.Release|Any CPU.ActiveCfg = Release|Any CPU
		{5923652C-DF79-468C-A085-C218FB75CA6D}.Release|Any CPU.Build.0 = Release|Any CPU
		{1109D07C-2867-48A7-837F-CF650895584D}.Debug|Any CPU.ActiveCfg = Debug|Any CPU
		{1109D07C-2867-48A7-837F-CF650895584D}.Debug|Any CPU.Build.0 = Debug|Any CPU
		{1109D07C-2867-48A7-837F-CF650895584D}.Release|Any CPU.ActiveCfg = Release|Any CPU
		{1109D07C-2867-48A7-837F-CF650895584D}.Release|Any CPU.Build.0 = Release|Any CPU
	EndGlobalSection
	GlobalSection(SolutionProperties) = preSolution
		HideSolutionNode = FALSE
	EndGlobalSection
	GlobalSection(ExtensibilityGlobals) = postSolution
		SolutionGuid = {3CC71159-D5B3-46FD-BFD1-96F2F08FA025}
	EndGlobalSection
EndGlobal
