
Microsoft Visual Studio Solution File, Format Version 12.00
# Visual Studio 15
VisualStudioVersion = 15.0.27130.2027
MinimumVisualStudioVersion = 10.0.40219.1
Project("{FAE04EC0-301F-11D3-BF4B-00C04F79EFBC}") = "3.1", "3.1\3.1.csproj", "{0D6431EC-02C1-4493-A3BF-E659EFAA6FE5}"
EndProject
Project("{FAE04EC0-301F-11D3-BF4B-00C04F79EFBC}") = "Calculator.Tests", "Calculator.Tests\Calculator.Tests.csproj", "{D22A4612-4B89-4517-9BD9-9EC924B59012}"
EndProject
Global
	GlobalSection(SolutionConfigurationPlatforms) = preSolution
		Debug|Any CPU = Debug|Any CPU
		Release|Any CPU = Release|Any CPU
	EndGlobalSection
	GlobalSection(ProjectConfigurationPlatforms) = postSolution
		{0D6431EC-02C1-4493-A3BF-E659EFAA6FE5}.Debug|Any CPU.ActiveCfg = Debug|Any CPU
		{0D6431EC-02C1-4493-A3BF-E659EFAA6FE5}.Debug|Any CPU.Build.0 = Debug|Any CPU
		{0D6431EC-02C1-4493-A3BF-E659EFAA6FE5}.Release|Any CPU.ActiveCfg = Release|Any CPU
		{0D6431EC-02C1-4493-A3BF-E659EFAA6FE5}.Release|Any CPU.Build.0 = Release|Any CPU
		{D22A4612-4B89-4517-9BD9-9EC924B59012}.Debug|Any CPU.ActiveCfg = Debug|Any CPU
		{D22A4612-4B89-4517-9BD9-9EC924B59012}.Debug|Any CPU.Build.0 = Debug|Any CPU
		{D22A4612-4B89-4517-9BD9-9EC924B59012}.Release|Any CPU.ActiveCfg = Release|Any CPU
		{D22A4612-4B89-4517-9BD9-9EC924B59012}.Release|Any CPU.Build.0 = Release|Any CPU
	EndGlobalSection
	GlobalSection(SolutionProperties) = preSolution
		HideSolutionNode = FALSE
	EndGlobalSection
	GlobalSection(ExtensibilityGlobals) = postSolution
		SolutionGuid = {A5C73569-1F95-4F93-9F98-FCDD8AB795D4}
	EndGlobalSection
EndGlobal
