
Microsoft Visual Studio Solution File, Format Version 12.00
# Visual Studio 15
VisualStudioVersion = 15.0.27130.2027
MinimumVisualStudioVersion = 10.0.40219.1
Project("{FAE04EC0-301F-11D3-BF4B-00C04F79EFBC}") = "1.4", "1.4\1.4.csproj", "{753C084E-8BDA-4A4B-97D0-1A5ECB6E6A67}"
EndProject
Global
	GlobalSection(SolutionConfigurationPlatforms) = preSolution
		Debug|Any CPU = Debug|Any CPU
		Release|Any CPU = Release|Any CPU
	EndGlobalSection
	GlobalSection(ProjectConfigurationPlatforms) = postSolution
		{753C084E-8BDA-4A4B-97D0-1A5ECB6E6A67}.Debug|Any CPU.ActiveCfg = Debug|Any CPU
		{753C084E-8BDA-4A4B-97D0-1A5ECB6E6A67}.Debug|Any CPU.Build.0 = Debug|Any CPU
		{753C084E-8BDA-4A4B-97D0-1A5ECB6E6A67}.Release|Any CPU.ActiveCfg = Release|Any CPU
		{753C084E-8BDA-4A4B-97D0-1A5ECB6E6A67}.Release|Any CPU.Build.0 = Release|Any CPU
	EndGlobalSection
	GlobalSection(SolutionProperties) = preSolution
		HideSolutionNode = FALSE
	EndGlobalSection
	GlobalSection(ExtensibilityGlobals) = postSolution
		SolutionGuid = {77E4BF55-0C41-41C4-B860-42FC92C675A7}
	EndGlobalSection
EndGlobal
