
Microsoft Visual Studio Solution File, Format Version 12.00
# Visual Studio 15
VisualStudioVersion = 15.0.28307.421
MinimumVisualStudioVersion = 10.0.40219.1
Project("{F2A71F9B-5D33-465A-A702-920D77279786}") = "LambdaInterpreter", "LambdaInterpreter\LambdaInterpreter.fsproj", "{CBBC0B7A-3DF2-49B9-8C90-DB9746FC742E}"
EndProject
Project("{F2A71F9B-5D33-465A-A702-920D77279786}") = "LambdaInterpreter.Tests", "LambdaInterpreter.Tests\LambdaInterpreter.Tests.fsproj", "{EE66815F-1B85-439D-B75F-950E8ADCDF8C}"
EndProject
Global
	GlobalSection(SolutionConfigurationPlatforms) = preSolution
		Debug|Any CPU = Debug|Any CPU
		Release|Any CPU = Release|Any CPU
	EndGlobalSection
	GlobalSection(ProjectConfigurationPlatforms) = postSolution
		{CBBC0B7A-3DF2-49B9-8C90-DB9746FC742E}.Debug|Any CPU.ActiveCfg = Debug|Any CPU
		{CBBC0B7A-3DF2-49B9-8C90-DB9746FC742E}.Debug|Any CPU.Build.0 = Debug|Any CPU
		{CBBC0B7A-3DF2-49B9-8C90-DB9746FC742E}.Release|Any CPU.ActiveCfg = Release|Any CPU
		{CBBC0B7A-3DF2-49B9-8C90-DB9746FC742E}.Release|Any CPU.Build.0 = Release|Any CPU
		{EE66815F-1B85-439D-B75F-950E8ADCDF8C}.Debug|Any CPU.ActiveCfg = Debug|Any CPU
		{EE66815F-1B85-439D-B75F-950E8ADCDF8C}.Debug|Any CPU.Build.0 = Debug|Any CPU
		{EE66815F-1B85-439D-B75F-950E8ADCDF8C}.Release|Any CPU.ActiveCfg = Release|Any CPU
		{EE66815F-1B85-439D-B75F-950E8ADCDF8C}.Release|Any CPU.Build.0 = Release|Any CPU
	EndGlobalSection
	GlobalSection(SolutionProperties) = preSolution
		HideSolutionNode = FALSE
	EndGlobalSection
	GlobalSection(ExtensibilityGlobals) = postSolution
		SolutionGuid = {DF2C2172-02D4-4BED-BFF6-D026750FB6E0}
	EndGlobalSection
EndGlobal
