
Microsoft Visual Studio Solution File, Format Version 12.00
# Visual Studio 15
VisualStudioVersion = 15.0.27130.2027
MinimumVisualStudioVersion = 10.0.40219.1
Project("{FAE04EC0-301F-11D3-BF4B-00C04F79EFBC}") = "2.2", "2.2\2.2.csproj", "{F25FEB95-1DA6-479D-8FBE-96D32E0BDC5A}"
EndProject
Global
	GlobalSection(SolutionConfigurationPlatforms) = preSolution
		Debug|Any CPU = Debug|Any CPU
		Release|Any CPU = Release|Any CPU
	EndGlobalSection
	GlobalSection(ProjectConfigurationPlatforms) = postSolution
		{F25FEB95-1DA6-479D-8FBE-96D32E0BDC5A}.Debug|Any CPU.ActiveCfg = Debug|Any CPU
		{F25FEB95-1DA6-479D-8FBE-96D32E0BDC5A}.Debug|Any CPU.Build.0 = Debug|Any CPU
		{F25FEB95-1DA6-479D-8FBE-96D32E0BDC5A}.Release|Any CPU.ActiveCfg = Release|Any CPU
		{F25FEB95-1DA6-479D-8FBE-96D32E0BDC5A}.Release|Any CPU.Build.0 = Release|Any CPU
	EndGlobalSection
	GlobalSection(SolutionProperties) = preSolution
		HideSolutionNode = FALSE
	EndGlobalSection
	GlobalSection(ExtensibilityGlobals) = postSolution
		SolutionGuid = {F039CD62-109F-430C-9049-B83A03C9643D}
	EndGlobalSection
EndGlobal
