
Microsoft Visual Studio Solution File, Format Version 12.00
# Visual Studio 15
VisualStudioVersion = 15.0.27428.2037
MinimumVisualStudioVersion = 10.0.40219.1
Project("{FAE04EC0-301F-11D3-BF4B-00C04F79EFBC}") = "Lazy", "Lazy\Lazy.csproj", "{6E2A985C-3008-4C5A-856F-78FC99F6AC53}"
EndProject
Project("{FAE04EC0-301F-11D3-BF4B-00C04F79EFBC}") = "Lazy.Test", "Lazy.Test\Lazy.Test.csproj", "{D5D3193A-75DB-4167-AB33-0C4B96C5430E}"
EndProject
Global
	GlobalSection(SolutionConfigurationPlatforms) = preSolution
		Debug|Any CPU = Debug|Any CPU
		Release|Any CPU = Release|Any CPU
	EndGlobalSection
	GlobalSection(ProjectConfigurationPlatforms) = postSolution
		{6E2A985C-3008-4C5A-856F-78FC99F6AC53}.Debug|Any CPU.ActiveCfg = Debug|Any CPU
		{6E2A985C-3008-4C5A-856F-78FC99F6AC53}.Debug|Any CPU.Build.0 = Debug|Any CPU
		{6E2A985C-3008-4C5A-856F-78FC99F6AC53}.Release|Any CPU.ActiveCfg = Release|Any CPU
		{6E2A985C-3008-4C5A-856F-78FC99F6AC53}.Release|Any CPU.Build.0 = Release|Any CPU
		{D5D3193A-75DB-4167-AB33-0C4B96C5430E}.Debug|Any CPU.ActiveCfg = Debug|Any CPU
		{D5D3193A-75DB-4167-AB33-0C4B96C5430E}.Debug|Any CPU.Build.0 = Debug|Any CPU
		{D5D3193A-75DB-4167-AB33-0C4B96C5430E}.Release|Any CPU.ActiveCfg = Release|Any CPU
		{D5D3193A-75DB-4167-AB33-0C4B96C5430E}.Release|Any CPU.Build.0 = Release|Any CPU
	EndGlobalSection
	GlobalSection(SolutionProperties) = preSolution
		HideSolutionNode = FALSE
	EndGlobalSection
	GlobalSection(ExtensibilityGlobals) = postSolution
		SolutionGuid = {2F512A06-6D2F-481E-BF85-62CED0922115}
	EndGlobalSection
EndGlobal
