
Microsoft Visual Studio Solution File, Format Version 12.00
# Visual Studio 15
VisualStudioVersion = 15.0.28307.421
MinimumVisualStudioVersion = 10.0.40219.1
Project("{F2A71F9B-5D33-465A-A702-920D77279786}") = "HW3", "HW3\HW3.fsproj", "{7AD5307F-9709-4F4E-B209-11439AF51883}"
EndProject
Project("{F2A71F9B-5D33-465A-A702-920D77279786}") = "HW3.Tests", "HW3.Tests\HW3.Tests.fsproj", "{8375483B-6A5B-40E9-9AED-6EFF96AA6F0F}"
EndProject
Global
	GlobalSection(SolutionConfigurationPlatforms) = preSolution
		Debug|Any CPU = Debug|Any CPU
		Release|Any CPU = Release|Any CPU
	EndGlobalSection
	GlobalSection(ProjectConfigurationPlatforms) = postSolution
		{7AD5307F-9709-4F4E-B209-11439AF51883}.Debug|Any CPU.ActiveCfg = Debug|Any CPU
		{7AD5307F-9709-4F4E-B209-11439AF51883}.Debug|Any CPU.Build.0 = Debug|Any CPU
		{7AD5307F-9709-4F4E-B209-11439AF51883}.Release|Any CPU.ActiveCfg = Release|Any CPU
		{7AD5307F-9709-4F4E-B209-11439AF51883}.Release|Any CPU.Build.0 = Release|Any CPU
		{8375483B-6A5B-40E9-9AED-6EFF96AA6F0F}.Debug|Any CPU.ActiveCfg = Debug|Any CPU
		{8375483B-6A5B-40E9-9AED-6EFF96AA6F0F}.Debug|Any CPU.Build.0 = Debug|Any CPU
		{8375483B-6A5B-40E9-9AED-6EFF96AA6F0F}.Release|Any CPU.ActiveCfg = Release|Any CPU
		{8375483B-6A5B-40E9-9AED-6EFF96AA6F0F}.Release|Any CPU.Build.0 = Release|Any CPU
	EndGlobalSection
	GlobalSection(SolutionProperties) = preSolution
		HideSolutionNode = FALSE
	EndGlobalSection
	GlobalSection(ExtensibilityGlobals) = postSolution
		SolutionGuid = {4ECDD8F7-01BA-4918-A87D-ECBE777159DD}
	EndGlobalSection
EndGlobal
