
Microsoft Visual Studio Solution File, Format Version 12.00
# Visual Studio 15
VisualStudioVersion = 15.0.28307.421
MinimumVisualStudioVersion = 10.0.40219.1
Project("{FAE04EC0-301F-11D3-BF4B-00C04F79EFBC}") = "MyNUnit", "MyNUnit\MyNUnit.csproj", "{4577C661-CCAB-46B7-8900-E6FB577042FD}"
EndProject
Project("{FAE04EC0-301F-11D3-BF4B-00C04F79EFBC}") = "Attributes", "Attributes\Attributes.csproj", "{22EF687E-E0DD-44D9-8D7C-69972A989730}"
EndProject
Project("{FAE04EC0-301F-11D3-BF4B-00C04F79EFBC}") = "MyNUnit.Tests", "MyNUnit.Tests\MyNUnit.Tests.csproj", "{C2C37226-2862-4B84-B5B9-D6E1DA99BA30}"
EndProject
Global
	GlobalSection(SolutionConfigurationPlatforms) = preSolution
		Debug|Any CPU = Debug|Any CPU
		Release|Any CPU = Release|Any CPU
	EndGlobalSection
	GlobalSection(ProjectConfigurationPlatforms) = postSolution
		{4577C661-CCAB-46B7-8900-E6FB577042FD}.Debug|Any CPU.ActiveCfg = Debug|Any CPU
		{4577C661-CCAB-46B7-8900-E6FB577042FD}.Debug|Any CPU.Build.0 = Debug|Any CPU
		{4577C661-CCAB-46B7-8900-E6FB577042FD}.Release|Any CPU.ActiveCfg = Release|Any CPU
		{4577C661-CCAB-46B7-8900-E6FB577042FD}.Release|Any CPU.Build.0 = Release|Any CPU
		{22EF687E-E0DD-44D9-8D7C-69972A989730}.Debug|Any CPU.ActiveCfg = Debug|Any CPU
		{22EF687E-E0DD-44D9-8D7C-69972A989730}.Debug|Any CPU.Build.0 = Debug|Any CPU
		{22EF687E-E0DD-44D9-8D7C-69972A989730}.Release|Any CPU.ActiveCfg = Release|Any CPU
		{22EF687E-E0DD-44D9-8D7C-69972A989730}.Release|Any CPU.Build.0 = Release|Any CPU
		{C2C37226-2862-4B84-B5B9-D6E1DA99BA30}.Debug|Any CPU.ActiveCfg = Debug|Any CPU
		{C2C37226-2862-4B84-B5B9-D6E1DA99BA30}.Debug|Any CPU.Build.0 = Debug|Any CPU
		{C2C37226-2862-4B84-B5B9-D6E1DA99BA30}.Release|Any CPU.ActiveCfg = Release|Any CPU
		{C2C37226-2862-4B84-B5B9-D6E1DA99BA30}.Release|Any CPU.Build.0 = Release|Any CPU
	EndGlobalSection
	GlobalSection(SolutionProperties) = preSolution
		HideSolutionNode = FALSE
	EndGlobalSection
	GlobalSection(ExtensibilityGlobals) = postSolution
		SolutionGuid = {D9F399B1-528A-4044-A972-31EBAEFBE047}
	EndGlobalSection
EndGlobal
