
Microsoft Visual Studio Solution File, Format Version 12.00
# Visual Studio 15
VisualStudioVersion = 15.0.27130.2027
MinimumVisualStudioVersion = 10.0.40219.1
Project("{FAE04EC0-301F-11D3-BF4B-00C04F79EFBC}") = "2.4", "2.4\2.4.csproj", "{40218A23-3758-49B1-8840-82ABB4478590}"
EndProject
Project("{FAE04EC0-301F-11D3-BF4B-00C04F79EFBC}") = "Calculator.Tests", "Calculator.Tests\Calculator.Tests.csproj", "{A642A613-D509-4CE8-A32C-46482592A470}"
EndProject
Global
	GlobalSection(SolutionConfigurationPlatforms) = preSolution
		Debug|Any CPU = Debug|Any CPU
		Release|Any CPU = Release|Any CPU
	EndGlobalSection
	GlobalSection(ProjectConfigurationPlatforms) = postSolution
		{40218A23-3758-49B1-8840-82ABB4478590}.Debug|Any CPU.ActiveCfg = Debug|Any CPU
		{40218A23-3758-49B1-8840-82ABB4478590}.Debug|Any CPU.Build.0 = Debug|Any CPU
		{40218A23-3758-49B1-8840-82ABB4478590}.Release|Any CPU.ActiveCfg = Release|Any CPU
		{40218A23-3758-49B1-8840-82ABB4478590}.Release|Any CPU.Build.0 = Release|Any CPU
		{A642A613-D509-4CE8-A32C-46482592A470}.Debug|Any CPU.ActiveCfg = Debug|Any CPU
		{A642A613-D509-4CE8-A32C-46482592A470}.Debug|Any CPU.Build.0 = Debug|Any CPU
		{A642A613-D509-4CE8-A32C-46482592A470}.Release|Any CPU.ActiveCfg = Release|Any CPU
		{A642A613-D509-4CE8-A32C-46482592A470}.Release|Any CPU.Build.0 = Release|Any CPU
	EndGlobalSection
	GlobalSection(SolutionProperties) = preSolution
		HideSolutionNode = FALSE
	EndGlobalSection
	GlobalSection(ExtensibilityGlobals) = postSolution
		SolutionGuid = {5DB8B35F-7AAC-4A11-B396-C3F42A88A377}
	EndGlobalSection
EndGlobal
