
Microsoft Visual Studio Solution File, Format Version 12.00
# Visual Studio 15
VisualStudioVersion = 15.0.28307.421
MinimumVisualStudioVersion = 10.0.40219.1
Project("{FAE04EC0-301F-11D3-BF4B-00C04F79EFBC}") = "SimpleTests", "SimpleTests\SimpleTests.csproj", "{98899A70-F4AE-4F59-AD5A-D9460FEC158D}"
EndProject
Project("{FAE04EC0-301F-11D3-BF4B-00C04F79EFBC}") = "Attributes", "..\..\Attributes\Attributes.csproj", "{22EF687E-E0DD-44D9-8D7C-69972A989730}"
EndProject
Global
	GlobalSection(SolutionConfigurationPlatforms) = preSolution
		Debug|Any CPU = Debug|Any CPU
		Release|Any CPU = Release|Any CPU
	EndGlobalSection
	GlobalSection(ProjectConfigurationPlatforms) = postSolution
		{98899A70-F4AE-4F59-AD5A-D9460FEC158D}.Debug|Any CPU.ActiveCfg = Debug|Any CPU
		{98899A70-F4AE-4F59-AD5A-D9460FEC158D}.Debug|Any CPU.Build.0 = Debug|Any CPU
		{98899A70-F4AE-4F59-AD5A-D9460FEC158D}.Release|Any CPU.ActiveCfg = Release|Any CPU
		{98899A70-F4AE-4F59-AD5A-D9460FEC158D}.Release|Any CPU.Build.0 = Release|Any CPU
		{22EF687E-E0DD-44D9-8D7C-69972A989730}.Debug|Any CPU.ActiveCfg = Debug|Any CPU
		{22EF687E-E0DD-44D9-8D7C-69972A989730}.Debug|Any CPU.Build.0 = Debug|Any CPU
		{22EF687E-E0DD-44D9-8D7C-69972A989730}.Release|Any CPU.ActiveCfg = Release|Any CPU
		{22EF687E-E0DD-44D9-8D7C-69972A989730}.Release|Any CPU.Build.0 = Release|Any CPU
	EndGlobalSection
	GlobalSection(SolutionProperties) = preSolution
		HideSolutionNode = FALSE
	EndGlobalSection
	GlobalSection(ExtensibilityGlobals) = postSolution
		SolutionGuid = {D32B901B-F771-463F-A801-97C64B64B7DE}
	EndGlobalSection
EndGlobal
