
Microsoft Visual Studio Solution File, Format Version 12.00
# Visual Studio 15
VisualStudioVersion = 15.0.27428.2037
MinimumVisualStudioVersion = 10.0.40219.1
Project("{FAE04EC0-301F-11D3-BF4B-00C04F79EFBC}") = "Test2", "Test2\Test2.csproj", "{D1EC5899-759E-48A2-A87C-EC6DEB831E60}"
EndProject
Project("{FAE04EC0-301F-11D3-BF4B-00C04F79EFBC}") = "Test2.Tests", "Test2.Tests\Test2.Tests.csproj", "{F59AEC58-C2AA-4BE6-AB62-667F4C68A130}"
EndProject
Global
	GlobalSection(SolutionConfigurationPlatforms) = preSolution
		Debug|Any CPU = Debug|Any CPU
		Release|Any CPU = Release|Any CPU
	EndGlobalSection
	GlobalSection(ProjectConfigurationPlatforms) = postSolution
		{D1EC5899-759E-48A2-A87C-EC6DEB831E60}.Debug|Any CPU.ActiveCfg = Debug|Any CPU
		{D1EC5899-759E-48A2-A87C-EC6DEB831E60}.Debug|Any CPU.Build.0 = Debug|Any CPU
		{D1EC5899-759E-48A2-A87C-EC6DEB831E60}.Release|Any CPU.ActiveCfg = Release|Any CPU
		{D1EC5899-759E-48A2-A87C-EC6DEB831E60}.Release|Any CPU.Build.0 = Release|Any CPU
		{F59AEC58-C2AA-4BE6-AB62-667F4C68A130}.Debug|Any CPU.ActiveCfg = Debug|Any CPU
		{F59AEC58-C2AA-4BE6-AB62-667F4C68A130}.Debug|Any CPU.Build.0 = Debug|Any CPU
		{F59AEC58-C2AA-4BE6-AB62-667F4C68A130}.Release|Any CPU.ActiveCfg = Release|Any CPU
		{F59AEC58-C2AA-4BE6-AB62-667F4C68A130}.Release|Any CPU.Build.0 = Release|Any CPU
	EndGlobalSection
	GlobalSection(SolutionProperties) = preSolution
		HideSolutionNode = FALSE
	EndGlobalSection
	GlobalSection(ExtensibilityGlobals) = postSolution
		SolutionGuid = {0A432A53-9731-4323-874E-7BC3B2DC6598}
	EndGlobalSection
EndGlobal
