
Microsoft Visual Studio Solution File, Format Version 12.00
Project("{FAE04EC0-301F-11D3-BF4B-00C04F79EFBC}") = "Task5", "Task5\Task5.csproj", "{E31C17B0-5C6A-41CF-B79A-65273BBB3D18}"
EndProject
Global
	GlobalSection(SolutionConfigurationPlatforms) = preSolution
		Debug|Any CPU = Debug|Any CPU
		Release|Any CPU = Release|Any CPU
	EndGlobalSection
	GlobalSection(ProjectConfigurationPlatforms) = postSolution
		{E31C17B0-5C6A-41CF-B79A-65273BBB3D18}.Debug|Any CPU.ActiveCfg = Debug|Any CPU
		{E31C17B0-5C6A-41CF-B79A-65273BBB3D18}.Debug|Any CPU.Build.0 = Debug|Any CPU
		{E31C17B0-5C6A-41CF-B79A-65273BBB3D18}.Release|Any CPU.ActiveCfg = Release|Any CPU
		{E31C17B0-5C6A-41CF-B79A-65273BBB3D18}.Release|Any CPU.Build.0 = Release|Any CPU
	EndGlobalSection
EndGlobal
